// !$*UTF8*$!
{
	archiveVersion = 1;
	classes = {
	};
	objectVersion = 56;
	objects = {

/* Begin PBXBuildFile section */
		0009ACFA2C3066AA00F0FE9B /* ImageTitleRowCell.swift in Sources */ = {isa = PBXBuildFile; fileRef = 0009ACF92C3066AA00F0FE9B /* ImageTitleRowCell.swift */; };
		0009ACFC2C307A7600F0FE9B /* PlaylistHeaderCell.swift in Sources */ = {isa = PBXBuildFile; fileRef = 0009ACFB2C307A7600F0FE9B /* PlaylistHeaderCell.swift */; };
		0009ACFE2C30883000F0FE9B /* SpotifyPlaylistView.swift in Sources */ = {isa = PBXBuildFile; fileRef = 0009ACFD2C30883000F0FE9B /* SpotifyPlaylistView.swift */; };
		0009AD002C308EA100F0FE9B /* PlaylistDescriptionCell.swift in Sources */ = {isa = PBXBuildFile; fileRef = 0009ACFF2C308EA100F0FE9B /* PlaylistDescriptionCell.swift */; };
		0009AD022C30B50900F0FE9B /* SongRowCell.swift in Sources */ = {isa = PBXBuildFile; fileRef = 0009AD012C30B50900F0FE9B /* SongRowCell.swift */; };
		001075752C319135001C82A2 /* extension.swift in Sources */ = {isa = PBXBuildFile; fileRef = 001075742C319135001C82A2 /* extension.swift */; };
		005B10F22C2D7BD0000ED381 /* swftUIPractice1App.swift in Sources */ = {isa = PBXBuildFile; fileRef = 005B10F12C2D7BD0000ED381 /* swftUIPractice1App.swift */; };
		005B10F42C2D7BD0000ED381 /* ContentView.swift in Sources */ = {isa = PBXBuildFile; fileRef = 005B10F32C2D7BD0000ED381 /* ContentView.swift */; };
		005B10F62C2D7BD1000ED381 /* Assets.xcassets in Resources */ = {isa = PBXBuildFile; fileRef = 005B10F52C2D7BD1000ED381 /* Assets.xcassets */; };
		005B10F92C2D7BD1000ED381 /* Preview Assets.xcassets in Resources */ = {isa = PBXBuildFile; fileRef = 005B10F82C2D7BD1000ED381 /* Preview Assets.xcassets */; };
		005B11012C2D7C3A000ED381 /* SDWebImageSwiftUI in Frameworks */ = {isa = PBXBuildFile; productRef = 005B11002C2D7C3A000ED381 /* SDWebImageSwiftUI */; };
		005B11042C2D7C92000ED381 /* ImageLoaderView.swift in Sources */ = {isa = PBXBuildFile; fileRef = 005B11032C2D7C92000ED381 /* ImageLoaderView.swift */; };
		005B11062C2D7D11000ED381 /* Constants.swift in Sources */ = {isa = PBXBuildFile; fileRef = 005B11052C2D7D11000ED381 /* Constants.swift */; };
		005B11082C2DB3E2000ED381 /* DatabaseHelper.swift in Sources */ = {isa = PBXBuildFile; fileRef = 005B11072C2DB3E2000ED381 /* DatabaseHelper.swift */; };
		005B110A2C2DBA7A000ED381 /* User.swift in Sources */ = {isa = PBXBuildFile; fileRef = 005B11092C2DBA7A000ED381 /* User.swift */; };
		005B110C2C2DBA7F000ED381 /* Product.swift in Sources */ = {isa = PBXBuildFile; fileRef = 005B110B2C2DBA7F000ED381 /* Product.swift */; };
		005B110F2C2DC880000ED381 /* SwiftfulRouting in Frameworks */ = {isa = PBXBuildFile; productRef = 005B110E2C2DC880000ED381 /* SwiftfulRouting */; };
		005B11122C2DC8AD000ED381 /* SwiftfulUI in Frameworks */ = {isa = PBXBuildFile; productRef = 005B11112C2DC8AD000ED381 /* SwiftfulUI */; };
		005B11172C2DD38A000ED381 /* SpotifyHomeView.swift in Sources */ = {isa = PBXBuildFile; fileRef = 005B11162C2DD38A000ED381 /* SpotifyHomeView.swift */; };
		005B111B2C2DDDC9000ED381 /* SpotifyCategoryCell.swift in Sources */ = {isa = PBXBuildFile; fileRef = 005B111A2C2DDDC9000ED381 /* SpotifyCategoryCell.swift */; };
		005B111E2C2DE2D9000ED381 /* Category.swift in Sources */ = {isa = PBXBuildFile; fileRef = 005B111D2C2DE2D9000ED381 /* Category.swift */; };
		005B11202C2E1979000ED381 /* SpotifyRecentsCell.swift in Sources */ = {isa = PBXBuildFile; fileRef = 005B111F2C2E1979000ED381 /* SpotifyRecentsCell.swift */; };
		005B11222C2E2824000ED381 /* SpotifyNewReleaseCell.swift in Sources */ = {isa = PBXBuildFile; fileRef = 005B11212C2E2824000ED381 /* SpotifyNewReleaseCell.swift */; };
		00B73DDC2C35AF680073E848 /* BumbleProfileImageCell.swift in Sources */ = {isa = PBXBuildFile; fileRef = 00B73DDB2C35AF680073E848 /* BumbleProfileImageCell.swift */; };
		00B73DDE2C35B6470073E848 /* BumbleChatPreviewCell.swift in Sources */ = {isa = PBXBuildFile; fileRef = 00B73DDD2C35B6470073E848 /* BumbleChatPreviewCell.swift */; };
		00C0B4DD2C3406D900594989 /* BumbleHomeView.swift in Sources */ = {isa = PBXBuildFile; fileRef = 00C0B4DC2C3406D900594989 /* BumbleHomeView.swift */; };
		00C0B4DF2C340CDE00594989 /* BombleFilterView.swift in Sources */ = {isa = PBXBuildFile; fileRef = 00C0B4DE2C340CDE00594989 /* BombleFilterView.swift */; };
		00C0B4E12C342A8000594989 /* BumbleCardView.swift in Sources */ = {isa = PBXBuildFile; fileRef = 00C0B4E02C342A8000594989 /* BumbleCardView.swift */; };
		00C0B4E32C3430B800594989 /* BumbleHeartIcon.swift in Sources */ = {isa = PBXBuildFile; fileRef = 00C0B4E22C3430B800594989 /* BumbleHeartIcon.swift */; };
		00C0B4E52C34966600594989 /* InterestPillView.swift in Sources */ = {isa = PBXBuildFile; fileRef = 00C0B4E42C34966600594989 /* InterestPillView.swift */; };
		00C0B4E72C34990F00594989 /* InterestPillGridView.swift in Sources */ = {isa = PBXBuildFile; fileRef = 00C0B4E62C34990F00594989 /* InterestPillGridView.swift */; };
/* End PBXBuildFile section */

/* Begin PBXFileReference section */
		0009ACF92C3066AA00F0FE9B /* ImageTitleRowCell.swift */ = {isa = PBXFileReference; lastKnownFileType = sourcecode.swift; path = ImageTitleRowCell.swift; sourceTree = "<group>"; };
		0009ACFB2C307A7600F0FE9B /* PlaylistHeaderCell.swift */ = {isa = PBXFileReference; lastKnownFileType = sourcecode.swift; path = PlaylistHeaderCell.swift; sourceTree = "<group>"; };
		0009ACFD2C30883000F0FE9B /* SpotifyPlaylistView.swift */ = {isa = PBXFileReference; lastKnownFileType = sourcecode.swift; path = SpotifyPlaylistView.swift; sourceTree = "<group>"; };
		0009ACFF2C308EA100F0FE9B /* PlaylistDescriptionCell.swift */ = {isa = PBXFileReference; lastKnownFileType = sourcecode.swift; path = PlaylistDescriptionCell.swift; sourceTree = "<group>"; };
		0009AD012C30B50900F0FE9B /* SongRowCell.swift */ = {isa = PBXFileReference; lastKnownFileType = sourcecode.swift; path = SongRowCell.swift; sourceTree = "<group>"; };
		001075742C319135001C82A2 /* extension.swift */ = {isa = PBXFileReference; lastKnownFileType = sourcecode.swift; path = extension.swift; sourceTree = "<group>"; };
		005B10EE2C2D7BD0000ED381 /* swftUIPractice1.app */ = {isa = PBXFileReference; explicitFileType = wrapper.application; includeInIndex = 0; path = swftUIPractice1.app; sourceTree = BUILT_PRODUCTS_DIR; };
		005B10F12C2D7BD0000ED381 /* swftUIPractice1App.swift */ = {isa = PBXFileReference; lastKnownFileType = sourcecode.swift; path = swftUIPractice1App.swift; sourceTree = "<group>"; };
		005B10F32C2D7BD0000ED381 /* ContentView.swift */ = {isa = PBXFileReference; lastKnownFileType = sourcecode.swift; path = ContentView.swift; sourceTree = "<group>"; };
		005B10F52C2D7BD1000ED381 /* Assets.xcassets */ = {isa = PBXFileReference; lastKnownFileType = folder.assetcatalog; path = Assets.xcassets; sourceTree = "<group>"; };
		005B10F82C2D7BD1000ED381 /* Preview Assets.xcassets */ = {isa = PBXFileReference; lastKnownFileType = folder.assetcatalog; path = "Preview Assets.xcassets"; sourceTree = "<group>"; };
		005B11032C2D7C92000ED381 /* ImageLoaderView.swift */ = {isa = PBXFileReference; lastKnownFileType = sourcecode.swift; path = ImageLoaderView.swift; sourceTree = "<group>"; };
		005B11052C2D7D11000ED381 /* Constants.swift */ = {isa = PBXFileReference; lastKnownFileType = sourcecode.swift; path = Constants.swift; sourceTree = "<group>"; };
		005B11072C2DB3E2000ED381 /* DatabaseHelper.swift */ = {isa = PBXFileReference; lastKnownFileType = sourcecode.swift; path = DatabaseHelper.swift; sourceTree = "<group>"; };
		005B11092C2DBA7A000ED381 /* User.swift */ = {isa = PBXFileReference; lastKnownFileType = sourcecode.swift; path = User.swift; sourceTree = "<group>"; };
		005B110B2C2DBA7F000ED381 /* Product.swift */ = {isa = PBXFileReference; lastKnownFileType = sourcecode.swift; path = Product.swift; sourceTree = "<group>"; };
		005B11162C2DD38A000ED381 /* SpotifyHomeView.swift */ = {isa = PBXFileReference; lastKnownFileType = sourcecode.swift; path = SpotifyHomeView.swift; sourceTree = "<group>"; };
		005B111A2C2DDDC9000ED381 /* SpotifyCategoryCell.swift */ = {isa = PBXFileReference; lastKnownFileType = sourcecode.swift; path = SpotifyCategoryCell.swift; sourceTree = "<group>"; };
		005B111D2C2DE2D9000ED381 /* Category.swift */ = {isa = PBXFileReference; lastKnownFileType = sourcecode.swift; path = Category.swift; sourceTree = "<group>"; };
		005B111F2C2E1979000ED381 /* SpotifyRecentsCell.swift */ = {isa = PBXFileReference; lastKnownFileType = sourcecode.swift; path = SpotifyRecentsCell.swift; sourceTree = "<group>"; };
		005B11212C2E2824000ED381 /* SpotifyNewReleaseCell.swift */ = {isa = PBXFileReference; lastKnownFileType = sourcecode.swift; path = SpotifyNewReleaseCell.swift; sourceTree = "<group>"; };
		00B73DDB2C35AF680073E848 /* BumbleProfileImageCell.swift */ = {isa = PBXFileReference; lastKnownFileType = sourcecode.swift; path = BumbleProfileImageCell.swift; sourceTree = "<group>"; };
		00B73DDD2C35B6470073E848 /* BumbleChatPreviewCell.swift */ = {isa = PBXFileReference; lastKnownFileType = sourcecode.swift; path = BumbleChatPreviewCell.swift; sourceTree = "<group>"; };
		00C0B4DC2C3406D900594989 /* BumbleHomeView.swift */ = {isa = PBXFileReference; lastKnownFileType = sourcecode.swift; path = BumbleHomeView.swift; sourceTree = "<group>"; };
		00C0B4DE2C340CDE00594989 /* BombleFilterView.swift */ = {isa = PBXFileReference; lastKnownFileType = sourcecode.swift; path = BombleFilterView.swift; sourceTree = "<group>"; };
		00C0B4E02C342A8000594989 /* BumbleCardView.swift */ = {isa = PBXFileReference; lastKnownFileType = sourcecode.swift; path = BumbleCardView.swift; sourceTree = "<group>"; };
		00C0B4E22C3430B800594989 /* BumbleHeartIcon.swift */ = {isa = PBXFileReference; lastKnownFileType = sourcecode.swift; path = BumbleHeartIcon.swift; sourceTree = "<group>"; };
		00C0B4E42C34966600594989 /* InterestPillView.swift */ = {isa = PBXFileReference; lastKnownFileType = sourcecode.swift; path = InterestPillView.swift; sourceTree = "<group>"; };
		00C0B4E62C34990F00594989 /* InterestPillGridView.swift */ = {isa = PBXFileReference; lastKnownFileType = sourcecode.swift; path = InterestPillGridView.swift; sourceTree = "<group>"; };
/* End PBXFileReference section */

/* Begin PBXFrameworksBuildPhase section */
		005B10EB2C2D7BD0000ED381 /* Frameworks */ = {
			isa = PBXFrameworksBuildPhase;
			buildActionMask = 2147483647;
			files = (
				005B11122C2DC8AD000ED381 /* SwiftfulUI in Frameworks */,
				005B11012C2D7C3A000ED381 /* SDWebImageSwiftUI in Frameworks */,
				005B110F2C2DC880000ED381 /* SwiftfulRouting in Frameworks */,
			);
			runOnlyForDeploymentPostprocessing = 0;
		};
/* End PBXFrameworksBuildPhase section */

/* Begin PBXGroup section */
		005B10E52C2D7BD0000ED381 = {
			isa = PBXGroup;
			children = (
				005B10F02C2D7BD0000ED381 /* swftUIPractice1 */,
				005B10EF2C2D7BD0000ED381 /* Products */,
			);
			sourceTree = "<group>";
		};
		005B10EF2C2D7BD0000ED381 /* Products */ = {
			isa = PBXGroup;
			children = (
				005B10EE2C2D7BD0000ED381 /* swftUIPractice1.app */,
			);
			name = Products;
			sourceTree = "<group>";
		};
		005B10F02C2D7BD0000ED381 /* swftUIPractice1 */ = {
			isa = PBXGroup;
			children = (
				005B10F12C2D7BD0000ED381 /* swftUIPractice1App.swift */,
				005B10F32C2D7BD0000ED381 /* ContentView.swift */,
				001075742C319135001C82A2 /* extension.swift */,
				00C0B4D92C3406A000594989 /* Bumble */,
				005B11132C2DD361000ED381 /* Spotify */,
				005B11022C2D7C7F000ED381 /* Shared */,
				005B10F52C2D7BD1000ED381 /* Assets.xcassets */,
				005B10F72C2D7BD1000ED381 /* Preview Content */,
			);
			path = swftUIPractice1;
			sourceTree = "<group>";
		};
		005B10F72C2D7BD1000ED381 /* Preview Content */ = {
			isa = PBXGroup;
			children = (
				005B10F82C2D7BD1000ED381 /* Preview Assets.xcassets */,
			);
			path = "Preview Content";
			sourceTree = "<group>";
		};
		005B11022C2D7C7F000ED381 /* Shared */ = {
			isa = PBXGroup;
			children = (
				005B11032C2D7C92000ED381 /* ImageLoaderView.swift */,
				005B11052C2D7D11000ED381 /* Constants.swift */,
				005B11072C2DB3E2000ED381 /* DatabaseHelper.swift */,
				005B11092C2DBA7A000ED381 /* User.swift */,
				005B110B2C2DBA7F000ED381 /* Product.swift */,
				0009ACFD2C30883000F0FE9B /* SpotifyPlaylistView.swift */,
				0009ACFF2C308EA100F0FE9B /* PlaylistDescriptionCell.swift */,
			);
			path = Shared;
			sourceTree = "<group>";
		};
		005B11132C2DD361000ED381 /* Spotify */ = {
			isa = PBXGroup;
			children = (
				005B111C2C2DE2C4000ED381 /* Models */,
				005B11142C2DD36B000ED381 /* Components */,
				005B11152C2DD373000ED381 /* Core */,
			);
			path = Spotify;
			sourceTree = "<group>";
		};
		005B11142C2DD36B000ED381 /* Components */ = {
			isa = PBXGroup;
			children = (
				005B111A2C2DDDC9000ED381 /* SpotifyCategoryCell.swift */,
				005B111F2C2E1979000ED381 /* SpotifyRecentsCell.swift */,
				005B11212C2E2824000ED381 /* SpotifyNewReleaseCell.swift */,
				0009ACF92C3066AA00F0FE9B /* ImageTitleRowCell.swift */,
				0009AD012C30B50900F0FE9B /* SongRowCell.swift */,
			);
			path = Components;
			sourceTree = "<group>";
		};
		005B11152C2DD373000ED381 /* Core */ = {
			isa = PBXGroup;
			children = (
				005B11162C2DD38A000ED381 /* SpotifyHomeView.swift */,
				0009ACFB2C307A7600F0FE9B /* PlaylistHeaderCell.swift */,
			);
			path = Core;
			sourceTree = "<group>";
		};
		005B111C2C2DE2C4000ED381 /* Models */ = {
			isa = PBXGroup;
			children = (
				005B111D2C2DE2D9000ED381 /* Category.swift */,
			);
			path = Models;
			sourceTree = "<group>";
		};
		00C0B4D92C3406A000594989 /* Bumble */ = {
			isa = PBXGroup;
			children = (
				00C0B4DB2C3406B700594989 /* Components */,
				00C0B4DA2C3406B200594989 /* Core */,
			);
			path = Bumble;
			sourceTree = "<group>";
		};
		00C0B4DA2C3406B200594989 /* Core */ = {
			isa = PBXGroup;
			children = (
				00C0B4DC2C3406D900594989 /* BumbleHomeView.swift */,
			);
			path = Core;
			sourceTree = "<group>";
		};
		00C0B4DB2C3406B700594989 /* Components */ = {
			isa = PBXGroup;
			children = (
				00C0B4DE2C340CDE00594989 /* BombleFilterView.swift */,
				00C0B4E02C342A8000594989 /* BumbleCardView.swift */,
				00C0B4E22C3430B800594989 /* BumbleHeartIcon.swift */,
				00C0B4E42C34966600594989 /* InterestPillView.swift */,
				00C0B4E62C34990F00594989 /* InterestPillGridView.swift */,
				00B73DDB2C35AF680073E848 /* BumbleProfileImageCell.swift */,
				00B73DDD2C35B6470073E848 /* BumbleChatPreviewCell.swift */,
			);
			path = Components;
			sourceTree = "<group>";
		};
/* End PBXGroup section */

/* Begin PBXNativeTarget section */
		005B10ED2C2D7BD0000ED381 /* swftUIPractice1 */ = {
			isa = PBXNativeTarget;
			buildConfigurationList = 005B10FC2C2D7BD1000ED381 /* Build configuration list for PBXNativeTarget "swftUIPractice1" */;
			buildPhases = (
				005B10EA2C2D7BD0000ED381 /* Sources */,
				005B10EB2C2D7BD0000ED381 /* Frameworks */,
				005B10EC2C2D7BD0000ED381 /* Resources */,
			);
			buildRules = (
			);
			dependencies = (
			);
			name = swftUIPractice1;
			packageProductDependencies = (
				005B11002C2D7C3A000ED381 /* SDWebImageSwiftUI */,
				005B110E2C2DC880000ED381 /* SwiftfulRouting */,
				005B11112C2DC8AD000ED381 /* SwiftfulUI */,
			);
			productName = swftUIPractice1;
			productReference = 005B10EE2C2D7BD0000ED381 /* swftUIPractice1.app */;
			productType = "com.apple.product-type.application";
		};
/* End PBXNativeTarget section */

/* Begin PBXProject section */
		005B10E62C2D7BD0000ED381 /* Project object */ = {
			isa = PBXProject;
			attributes = {
				BuildIndependentTargetsInParallel = 1;
				LastSwiftUpdateCheck = 1530;
				LastUpgradeCheck = 1530;
				TargetAttributes = {
					005B10ED2C2D7BD0000ED381 = {
						CreatedOnToolsVersion = 15.3;
					};
				};
			};
			buildConfigurationList = 005B10E92C2D7BD0000ED381 /* Build configuration list for PBXProject "swftUIPractice1" */;
			compatibilityVersion = "Xcode 14.0";
			developmentRegion = en;
			hasScannedForEncodings = 0;
			knownRegions = (
				en,
				Base,
			);
			mainGroup = 005B10E52C2D7BD0000ED381;
			packageReferences = (
				005B10FF2C2D7C3A000ED381 /* XCRemoteSwiftPackageReference "SDWebImageSwiftUI" */,
				005B110D2C2DC880000ED381 /* XCRemoteSwiftPackageReference "SwiftfulRouting" */,
				005B11102C2DC8AD000ED381 /* XCRemoteSwiftPackageReference "SwiftfulUI" */,
			);
			productRefGroup = 005B10EF2C2D7BD0000ED381 /* Products */;
			projectDirPath = "";
			projectRoot = "";
			targets = (
				005B10ED2C2D7BD0000ED381 /* swftUIPractice1 */,
			);
		};
/* End PBXProject section */

/* Begin PBXResourcesBuildPhase section */
		005B10EC2C2D7BD0000ED381 /* Resources */ = {
			isa = PBXResourcesBuildPhase;
			buildActionMask = 2147483647;
			files = (
				005B10F92C2D7BD1000ED381 /* Preview Assets.xcassets in Resources */,
				005B10F62C2D7BD1000ED381 /* Assets.xcassets in Resources */,
			);
			runOnlyForDeploymentPostprocessing = 0;
		};
/* End PBXResourcesBuildPhase section */

/* Begin PBXSourcesBuildPhase section */
		005B10EA2C2D7BD0000ED381 /* Sources */ = {
			isa = PBXSourcesBuildPhase;
			buildActionMask = 2147483647;
			files = (
				00C0B4DD2C3406D900594989 /* BumbleHomeView.swift in Sources */,
				005B11042C2D7C92000ED381 /* ImageLoaderView.swift in Sources */,
				005B111E2C2DE2D9000ED381 /* Category.swift in Sources */,
				005B111B2C2DDDC9000ED381 /* SpotifyCategoryCell.swift in Sources */,
				001075752C319135001C82A2 /* extension.swift in Sources */,
				00C0B4E72C34990F00594989 /* InterestPillGridView.swift in Sources */,
				0009ACFE2C30883000F0FE9B /* SpotifyPlaylistView.swift in Sources */,
				005B11222C2E2824000ED381 /* SpotifyNewReleaseCell.swift in Sources */,
				0009ACFC2C307A7600F0FE9B /* PlaylistHeaderCell.swift in Sources */,
				005B11082C2DB3E2000ED381 /* DatabaseHelper.swift in Sources */,
				00C0B4E12C342A8000594989 /* BumbleCardView.swift in Sources */,
				005B11172C2DD38A000ED381 /* SpotifyHomeView.swift in Sources */,
				0009ACFA2C3066AA00F0FE9B /* ImageTitleRowCell.swift in Sources */,
				005B110A2C2DBA7A000ED381 /* User.swift in Sources */,
				00C0B4DF2C340CDE00594989 /* BombleFilterView.swift in Sources */,
				005B10F42C2D7BD0000ED381 /* ContentView.swift in Sources */,
				00B73DDC2C35AF680073E848 /* BumbleProfileImageCell.swift in Sources */,
				00C0B4E52C34966600594989 /* InterestPillView.swift in Sources */,
				005B10F22C2D7BD0000ED381 /* swftUIPractice1App.swift in Sources */,
				00C0B4E32C3430B800594989 /* BumbleHeartIcon.swift in Sources */,
				005B11202C2E1979000ED381 /* SpotifyRecentsCell.swift in Sources */,
				00B73DDE2C35B6470073E848 /* BumbleChatPreviewCell.swift in Sources */,
				005B11062C2D7D11000ED381 /* Constants.swift in Sources */,
				0009AD022C30B50900F0FE9B /* SongRowCell.swift in Sources */,
				0009AD002C308EA100F0FE9B /* PlaylistDescriptionCell.swift in Sources */,
				005B110C2C2DBA7F000ED381 /* Product.swift in Sources */,
			);
			runOnlyForDeploymentPostprocessing = 0;
		};
/* End PBXSourcesBuildPhase section */

/* Begin XCBuildConfiguration section */
		005B10FA2C2D7BD1000ED381 /* Debug */ = {
			isa = XCBuildConfiguration;
			buildSettings = {
				ALWAYS_SEARCH_USER_PATHS = NO;
				ASSETCATALOG_COMPILER_GENERATE_SWIFT_ASSET_SYMBOL_EXTENSIONS = YES;
				CLANG_ANALYZER_NONNULL = YES;
				CLANG_ANALYZER_NUMBER_OBJECT_CONVERSION = YES_AGGRESSIVE;
				CLANG_CXX_LANGUAGE_STANDARD = "gnu++20";
				CLANG_ENABLE_MODULES = YES;
				CLANG_ENABLE_OBJC_ARC = YES;
				CLANG_ENABLE_OBJC_WEAK = YES;
				CLANG_WARN_BLOCK_CAPTURE_AUTORELEASING = YES;
				CLANG_WARN_BOOL_CONVERSION = YES;
				CLANG_WARN_COMMA = YES;
				CLANG_WARN_CONSTANT_CONVERSION = YES;
				CLANG_WARN_DEPRECATED_OBJC_IMPLEMENTATIONS = YES;
				CLANG_WARN_DIRECT_OBJC_ISA_USAGE = YES_ERROR;
				CLANG_WARN_DOCUMENTATION_COMMENTS = YES;
				CLANG_WARN_EMPTY_BODY = YES;
				CLANG_WARN_ENUM_CONVERSION = YES;
				CLANG_WARN_INFINITE_RECURSION = YES;
				CLANG_WARN_INT_CONVERSION = YES;
				CLANG_WARN_NON_LITERAL_NULL_CONVERSION = YES;
				CLANG_WARN_OBJC_IMPLICIT_RETAIN_SELF = YES;
				CLANG_WARN_OBJC_LITERAL_CONVERSION = YES;
				CLANG_WARN_OBJC_ROOT_CLASS = YES_ERROR;
				CLANG_WARN_QUOTED_INCLUDE_IN_FRAMEWORK_HEADER = YES;
				CLANG_WARN_RANGE_LOOP_ANALYSIS = YES;
				CLANG_WARN_STRICT_PROTOTYPES = YES;
				CLANG_WARN_SUSPICIOUS_MOVE = YES;
				CLANG_WARN_UNGUARDED_AVAILABILITY = YES_AGGRESSIVE;
				CLANG_WARN_UNREACHABLE_CODE = YES;
				CLANG_WARN__DUPLICATE_METHOD_MATCH = YES;
				COPY_PHASE_STRIP = NO;
				DEBUG_INFORMATION_FORMAT = dwarf;
				ENABLE_STRICT_OBJC_MSGSEND = YES;
				ENABLE_TESTABILITY = YES;
				ENABLE_USER_SCRIPT_SANDBOXING = YES;
				GCC_C_LANGUAGE_STANDARD = gnu17;
				GCC_DYNAMIC_NO_PIC = NO;
				GCC_NO_COMMON_BLOCKS = YES;
				GCC_OPTIMIZATION_LEVEL = 0;
				GCC_PREPROCESSOR_DEFINITIONS = (
					"DEBUG=1",
					"$(inherited)",
				);
				GCC_WARN_64_TO_32_BIT_CONVERSION = YES;
				GCC_WARN_ABOUT_RETURN_TYPE = YES_ERROR;
				GCC_WARN_UNDECLARED_SELECTOR = YES;
				GCC_WARN_UNINITIALIZED_AUTOS = YES_AGGRESSIVE;
				GCC_WARN_UNUSED_FUNCTION = YES;
				GCC_WARN_UNUSED_VARIABLE = YES;
				IPHONEOS_DEPLOYMENT_TARGET = 17.4;
				LOCALIZATION_PREFERS_STRING_CATALOGS = YES;
				MTL_ENABLE_DEBUG_INFO = INCLUDE_SOURCE;
				MTL_FAST_MATH = YES;
				ONLY_ACTIVE_ARCH = YES;
				SDKROOT = iphoneos;
				SWIFT_ACTIVE_COMPILATION_CONDITIONS = "DEBUG $(inherited)";
				SWIFT_OPTIMIZATION_LEVEL = "-Onone";
			};
			name = Debug;
		};
		005B10FB2C2D7BD1000ED381 /* Release */ = {
			isa = XCBuildConfiguration;
			buildSettings = {
				ALWAYS_SEARCH_USER_PATHS = NO;
				ASSETCATALOG_COMPILER_GENERATE_SWIFT_ASSET_SYMBOL_EXTENSIONS = YES;
				CLANG_ANALYZER_NONNULL = YES;
				CLANG_ANALYZER_NUMBER_OBJECT_CONVERSION = YES_AGGRESSIVE;
				CLANG_CXX_LANGUAGE_STANDARD = "gnu++20";
				CLANG_ENABLE_MODULES = YES;
				CLANG_ENABLE_OBJC_ARC = YES;
				CLANG_ENABLE_OBJC_WEAK = YES;
				CLANG_WARN_BLOCK_CAPTURE_AUTORELEASING = YES;
				CLANG_WARN_BOOL_CONVERSION = YES;
				CLANG_WARN_COMMA = YES;
				CLANG_WARN_CONSTANT_CONVERSION = YES;
				CLANG_WARN_DEPRECATED_OBJC_IMPLEMENTATIONS = YES;
				CLANG_WARN_DIRECT_OBJC_ISA_USAGE = YES_ERROR;
				CLANG_WARN_DOCUMENTATION_COMMENTS = YES;
				CLANG_WARN_EMPTY_BODY = YES;
				CLANG_WARN_ENUM_CONVERSION = YES;
				CLANG_WARN_INFINITE_RECURSION = YES;
				CLANG_WARN_INT_CONVERSION = YES;
				CLANG_WARN_NON_LITERAL_NULL_CONVERSION = YES;
				CLANG_WARN_OBJC_IMPLICIT_RETAIN_SELF = YES;
				CLANG_WARN_OBJC_LITERAL_CONVERSION = YES;
				CLANG_WARN_OBJC_ROOT_CLASS = YES_ERROR;
				CLANG_WARN_QUOTED_INCLUDE_IN_FRAMEWORK_HEADER = YES;
				CLANG_WARN_RANGE_LOOP_ANALYSIS = YES;
				CLANG_WARN_STRICT_PROTOTYPES = YES;
				CLANG_WARN_SUSPICIOUS_MOVE = YES;
				CLANG_WARN_UNGUARDED_AVAILABILITY = YES_AGGRESSIVE;
				CLANG_WARN_UNREACHABLE_CODE = YES;
				CLANG_WARN__DUPLICATE_METHOD_MATCH = YES;
				COPY_PHASE_STRIP = NO;
				DEBUG_INFORMATION_FORMAT = "dwarf-with-dsym";
				ENABLE_NS_ASSERTIONS = NO;
				ENABLE_STRICT_OBJC_MSGSEND = YES;
				ENABLE_USER_SCRIPT_SANDBOXING = YES;
				GCC_C_LANGUAGE_STANDARD = gnu17;
				GCC_NO_COMMON_BLOCKS = YES;
				GCC_WARN_64_TO_32_BIT_CONVERSION = YES;
				GCC_WARN_ABOUT_RETURN_TYPE = YES_ERROR;
				GCC_WARN_UNDECLARED_SELECTOR = YES;
				GCC_WARN_UNINITIALIZED_AUTOS = YES_AGGRESSIVE;
				GCC_WARN_UNUSED_FUNCTION = YES;
				GCC_WARN_UNUSED_VARIABLE = YES;
				IPHONEOS_DEPLOYMENT_TARGET = 17.4;
				LOCALIZATION_PREFERS_STRING_CATALOGS = YES;
				MTL_ENABLE_DEBUG_INFO = NO;
				MTL_FAST_MATH = YES;
				SDKROOT = iphoneos;
				SWIFT_COMPILATION_MODE = wholemodule;
				VALIDATE_PRODUCT = YES;
			};
			name = Release;
		};
		005B10FD2C2D7BD1000ED381 /* Debug */ = {
			isa = XCBuildConfiguration;
			buildSettings = {
				ASSETCATALOG_COMPILER_APPICON_NAME = AppIcon;
				ASSETCATALOG_COMPILER_GLOBAL_ACCENT_COLOR_NAME = AccentColor;
				CODE_SIGN_STYLE = Automatic;
				CURRENT_PROJECT_VERSION = 1;
				DEVELOPMENT_ASSET_PATHS = "\"swftUIPractice1/Preview Content\"";
				DEVELOPMENT_TEAM = URJ7568QMH;
				ENABLE_PREVIEWS = YES;
				GENERATE_INFOPLIST_FILE = YES;
				INFOPLIST_KEY_UIApplicationSceneManifest_Generation = YES;
				INFOPLIST_KEY_UIApplicationSupportsIndirectInputEvents = YES;
				INFOPLIST_KEY_UILaunchScreen_Generation = YES;
				INFOPLIST_KEY_UISupportedInterfaceOrientations_iPad = "UIInterfaceOrientationPortrait UIInterfaceOrientationPortraitUpsideDown UIInterfaceOrientationLandscapeLeft UIInterfaceOrientationLandscapeRight";
				INFOPLIST_KEY_UISupportedInterfaceOrientations_iPhone = "UIInterfaceOrientationPortrait UIInterfaceOrientationLandscapeLeft UIInterfaceOrientationLandscapeRight";
				LD_RUNPATH_SEARCH_PATHS = (
					"$(inherited)",
					"@executable_path/Frameworks",
				);
				MARKETING_VERSION = 1.0;
				PRODUCT_BUNDLE_IDENTIFIER = com.chatWithNote.swftUIPractice1;
				PRODUCT_NAME = "$(TARGET_NAME)";
				SWIFT_EMIT_LOC_STRINGS = YES;
				SWIFT_VERSION = 5.0;
				TARGETED_DEVICE_FAMILY = "1,2";
			};
			name = Debug;
		};
		005B10FE2C2D7BD1000ED381 /* Release */ = {
			isa = XCBuildConfiguration;
			buildSettings = {
				ASSETCATALOG_COMPILER_APPICON_NAME = AppIcon;
				ASSETCATALOG_COMPILER_GLOBAL_ACCENT_COLOR_NAME = AccentColor;
				CODE_SIGN_STYLE = Automatic;
				CURRENT_PROJECT_VERSION = 1;
				DEVELOPMENT_ASSET_PATHS = "\"swftUIPractice1/Preview Content\"";
				DEVELOPMENT_TEAM = URJ7568QMH;
				ENABLE_PREVIEWS = YES;
				GENERATE_INFOPLIST_FILE = YES;
				INFOPLIST_KEY_UIApplicationSceneManifest_Generation = YES;
				INFOPLIST_KEY_UIApplicationSupportsIndirectInputEvents = YES;
				INFOPLIST_KEY_UILaunchScreen_Generation = YES;
				INFOPLIST_KEY_UISupportedInterfaceOrientations_iPad = "UIInterfaceOrientationPortrait UIInterfaceOrientationPortraitUpsideDown UIInterfaceOrientationLandscapeLeft UIInterfaceOrientationLandscapeRight";
				INFOPLIST_KEY_UISupportedInterfaceOrientations_iPhone = "UIInterfaceOrientationPortrait UIInterfaceOrientationLandscapeLeft UIInterfaceOrientationLandscapeRight";
				LD_RUNPATH_SEARCH_PATHS = (
					"$(inherited)",
					"@executable_path/Frameworks",
				);
				MARKETING_VERSION = 1.0;
				PRODUCT_BUNDLE_IDENTIFIER = com.chatWithNote.swftUIPractice1;
				PRODUCT_NAME = "$(TARGET_NAME)";
				SWIFT_EMIT_LOC_STRINGS = YES;
				SWIFT_VERSION = 5.0;
				TARGETED_DEVICE_FAMILY = "1,2";
			};
			name = Release;
		};
/* End XCBuildConfiguration section */

/* Begin XCConfigurationList section */
		005B10E92C2D7BD0000ED381 /* Build configuration list for PBXProject "swftUIPractice1" */ = {
			isa = XCConfigurationList;
			buildConfigurations = (
				005B10FA2C2D7BD1000ED381 /* Debug */,
				005B10FB2C2D7BD1000ED381 /* Release */,
			);
			defaultConfigurationIsVisible = 0;
			defaultConfigurationName = Release;
		};
		005B10FC2C2D7BD1000ED381 /* Build configuration list for PBXNativeTarget "swftUIPractice1" */ = {
			isa = XCConfigurationList;
			buildConfigurations = (
				005B10FD2C2D7BD1000ED381 /* Debug */,
				005B10FE2C2D7BD1000ED381 /* Release */,
			);
			defaultConfigurationIsVisible = 0;
			defaultConfigurationName = Release;
		};
/* End XCConfigurationList section */

/* Begin XCRemoteSwiftPackageReference section */
		005B10FF2C2D7C3A000ED381 /* XCRemoteSwiftPackageReference "SDWebImageSwiftUI" */ = {
			isa = XCRemoteSwiftPackageReference;
			repositoryURL = "https://github.com/SDWebImage/SDWebImageSwiftUI.git";
			requirement = {
				kind = upToNextMajorVersion;
				minimumVersion = 3.0.4;
			};
		};
		005B110D2C2DC880000ED381 /* XCRemoteSwiftPackageReference "SwiftfulRouting" */ = {
			isa = XCRemoteSwiftPackageReference;
			repositoryURL = "https://github.com/SwiftfulThinking/SwiftfulRouting.git";
			requirement = {
				kind = upToNextMajorVersion;
				minimumVersion = 5.3.5;
			};
		};
		005B11102C2DC8AD000ED381 /* XCRemoteSwiftPackageReference "SwiftfulUI" */ = {
			isa = XCRemoteSwiftPackageReference;
			repositoryURL = "https://github.com/SwiftfulThinking/SwiftfulUI.git";
			requirement = {
				kind = upToNextMajorVersion;
				minimumVersion = 1.1.7;
			};
		};
/* End XCRemoteSwiftPackageReference section */

/* Begin XCSwiftPackageProductDependency section */
		005B11002C2D7C3A000ED381 /* SDWebImageSwiftUI */ = {
			isa = XCSwiftPackageProductDependency;
			package = 005B10FF2C2D7C3A000ED381 /* XCRemoteSwiftPackageReference "SDWebImageSwiftUI" */;
			productName = SDWebImageSwiftUI;
		};
		005B110E2C2DC880000ED381 /* SwiftfulRouting */ = {
			isa = XCSwiftPackageProductDependency;
			package = 005B110D2C2DC880000ED381 /* XCRemoteSwiftPackageReference "SwiftfulRouting" */;
			productName = SwiftfulRouting;
		};
		005B11112C2DC8AD000ED381 /* SwiftfulUI */ = {
			isa = XCSwiftPackageProductDependency;
			package = 005B11102C2DC8AD000ED381 /* XCRemoteSwiftPackageReference "SwiftfulUI" */;
			productName = SwiftfulUI;
		};
/* End XCSwiftPackageProductDependency section */
	};
	rootObject = 005B10E62C2D7BD0000ED381 /* Project object */;
}
